// !$*UTF8*$!
{
	archiveVersion = 1;
	classes = {
	};
	objectVersion = 46;
	objects = {

/* Begin PBXBuildFile section */
		637B9F831AE891A000D7D801 /* main.m in Sources */ = {isa = PBXBuildFile; fileRef = 637B9F821AE891A000D7D801 /* main.m */; };
		637B9F861AE891A000D7D801 /* AppDelegate.m in Sources */ = {isa = PBXBuildFile; fileRef = 637B9F851AE891A000D7D801 /* AppDelegate.m */; };
		637B9F891AE891A000D7D801 /* ViewController.m in Sources */ = {isa = PBXBuildFile; fileRef = 637B9F881AE891A000D7D801 /* ViewController.m */; };
		637B9F8C1AE891A000D7D801 /* Main.storyboard in Resources */ = {isa = PBXBuildFile; fileRef = 637B9F8A1AE891A000D7D801 /* Main.storyboard */; };
		637B9F8E1AE891A000D7D801 /* Images.xcassets in Resources */ = {isa = PBXBuildFile; fileRef = 637B9F8D1AE891A000D7D801 /* Images.xcassets */; };
		637B9F911AE891A000D7D801 /* LaunchScreen.xib in Resources */ = {isa = PBXBuildFile; fileRef = 637B9F8F1AE891A000D7D801 /* LaunchScreen.xib */; };
		637B9F9D1AE891A000D7D801 /* NSEtcHostsTests.m in Sources */ = {isa = PBXBuildFile; fileRef = 637B9F9C1AE891A000D7D801 /* NSEtcHostsTests.m */; };
		637B9FA91AE893E200D7D801 /* NSEtcHosts.m in Sources */ = {isa = PBXBuildFile; fileRef = 637B9FA81AE893E200D7D801 /* NSEtcHosts.m */; };
/* End PBXBuildFile section */

/* Begin PBXContainerItemProxy section */
		637B9F971AE891A000D7D801 /* PBXContainerItemProxy */ = {
			isa = PBXContainerItemProxy;
			containerPortal = 637B9F751AE891A000D7D801 /* Project object */;
			proxyType = 1;
			remoteGlobalIDString = 637B9F7C1AE891A000D7D801;
			remoteInfo = NSEtcHosts;
		};
/* End PBXContainerItemProxy section */

/* Begin PBXFileReference section */
		637B9F7D1AE891A000D7D801 /* NSEtcHosts.app */ = {isa = PBXFileReference; explicitFileType = wrapper.application; includeInIndex = 0; path = NSEtcHosts.app; sourceTree = BUILT_PRODUCTS_DIR; };
		637B9F811AE891A000D7D801 /* Info.plist */ = {isa = PBXFileReference; lastKnownFileType = text.plist.xml; path = Info.plist; sourceTree = "<group>"; };
		637B9F821AE891A000D7D801 /* main.m */ = {isa = PBXFileReference; lastKnownFileType = sourcecode.c.objc; path = main.m; sourceTree = "<group>"; };
		637B9F841AE891A000D7D801 /* AppDelegate.h */ = {isa = PBXFileReference; lastKnownFileType = sourcecode.c.h; path = AppDelegate.h; sourceTree = "<group>"; };
		637B9F851AE891A000D7D801 /* AppDelegate.m */ = {isa = PBXFileReference; lastKnownFileType = sourcecode.c.objc; path = AppDelegate.m; sourceTree = "<group>"; };
		637B9F871AE891A000D7D801 /* ViewController.h */ = {isa = PBXFileReference; lastKnownFileType = sourcecode.c.h; path = ViewController.h; sourceTree = "<group>"; };
		637B9F881AE891A000D7D801 /* ViewController.m */ = {isa = PBXFileReference; lastKnownFileType = sourcecode.c.objc; path = ViewController.m; sourceTree = "<group>"; };
		637B9F8B1AE891A000D7D801 /* Base */ = {isa = PBXFileReference; lastKnownFileType = file.storyboard; name = Base; path = Base.lproj/Main.storyboard; sourceTree = "<group>"; };
		637B9F8D1AE891A000D7D801 /* Images.xcassets */ = {isa = PBXFileReference; lastKnownFileType = folder.assetcatalog; path = Images.xcassets; sourceTree = "<group>"; };
		637B9F901AE891A000D7D801 /* Base */ = {isa = PBXFileReference; lastKnownFileType = file.xib; name = Base; path = Base.lproj/LaunchScreen.xib; sourceTree = "<group>"; };
		637B9F961AE891A000D7D801 /* NSEtcHostsTests.xctest */ = {isa = PBXFileReference; explicitFileType = wrapper.cfbundle; includeInIndex = 0; path = NSEtcHostsTests.xctest; sourceTree = BUILT_PRODUCTS_DIR; };
		637B9F9B1AE891A000D7D801 /* Info.plist */ = {isa = PBXFileReference; lastKnownFileType = text.plist.xml; path = Info.plist; sourceTree = "<group>"; };
		637B9F9C1AE891A000D7D801 /* NSEtcHostsTests.m */ = {isa = PBXFileReference; lastKnownFileType = sourcecode.c.objc; path = NSEtcHostsTests.m; sourceTree = "<group>"; };
		637B9FA71AE893E200D7D801 /* NSEtcHosts.h */ = {isa = PBXFileReference; fileEncoding = 4; lastKnownFileType = sourcecode.c.h; path = NSEtcHosts.h; sourceTree = "<group>"; };
		637B9FA81AE893E200D7D801 /* NSEtcHosts.m */ = {isa = PBXFileReference; fileEncoding = 4; lastKnownFileType = sourcecode.c.objc; path = NSEtcHosts.m; sourceTree = "<group>"; };
/* End PBXFileReference section */

/* Begin PBXFrameworksBuildPhase section */
		637B9F7A1AE891A000D7D801 /* Frameworks */ = {
			isa = PBXFrameworksBuildPhase;
			buildActionMask = 2147483647;
			files = (
			);
			runOnlyForDeploymentPostprocessing = 0;
		};
		637B9F931AE891A000D7D801 /* Frameworks */ = {
			isa = PBXFrameworksBuildPhase;
			buildActionMask = 2147483647;
			files = (
			);
			runOnlyForDeploymentPostprocessing = 0;
		};
/* End PBXFrameworksBuildPhase section */

/* Begin PBXGroup section */
		637B9F741AE891A000D7D801 = {
			isa = PBXGroup;
			children = (
				637B9FA61AE891C200D7D801 /* Src */,
				637B9F7F1AE891A000D7D801 /* NSEtcHosts */,
				637B9F991AE891A000D7D801 /* NSEtcHostsTests */,
				637B9F7E1AE891A000D7D801 /* Products */,
			);
			sourceTree = "<group>";
		};
		637B9F7E1AE891A000D7D801 /* Products */ = {
			isa = PBXGroup;
			children = (
				637B9F7D1AE891A000D7D801 /* NSEtcHosts.app */,
				637B9F961AE891A000D7D801 /* NSEtcHostsTests.xctest */,
			);
			name = Products;
			sourceTree = "<group>";
		};
		637B9F7F1AE891A000D7D801 /* NSEtcHosts */ = {
			isa = PBXGroup;
			children = (
				637B9F841AE891A000D7D801 /* AppDelegate.h */,
				637B9F851AE891A000D7D801 /* AppDelegate.m */,
				637B9F871AE891A000D7D801 /* ViewController.h */,
				637B9F881AE891A000D7D801 /* ViewController.m */,
				637B9F8A1AE891A000D7D801 /* Main.storyboard */,
				637B9F8D1AE891A000D7D801 /* Images.xcassets */,
				637B9F8F1AE891A000D7D801 /* LaunchScreen.xib */,
				637B9F801AE891A000D7D801 /* Supporting Files */,
			);
			path = NSEtcHosts;
			sourceTree = "<group>";
		};
		637B9F801AE891A000D7D801 /* Supporting Files */ = {
			isa = PBXGroup;
			children = (
				637B9F811AE891A000D7D801 /* Info.plist */,
				637B9F821AE891A000D7D801 /* main.m */,
			);
			name = "Supporting Files";
			sourceTree = "<group>";
		};
		637B9F991AE891A000D7D801 /* NSEtcHostsTests */ = {
			isa = PBXGroup;
			children = (
				637B9F9C1AE891A000D7D801 /* NSEtcHostsTests.m */,
				637B9F9A1AE891A000D7D801 /* Supporting Files */,
			);
			path = NSEtcHostsTests;
			sourceTree = "<group>";
		};
		637B9F9A1AE891A000D7D801 /* Supporting Files */ = {
			isa = PBXGroup;
			children = (
				637B9F9B1AE891A000D7D801 /* Info.plist */,
			);
			name = "Supporting Files";
			sourceTree = "<group>";
		};
		637B9FA61AE891C200D7D801 /* Src */ = {
			isa = PBXGroup;
			children = (
				637B9FA71AE893E200D7D801 /* NSEtcHosts.h */,
				637B9FA81AE893E200D7D801 /* NSEtcHosts.m */,
			);
			path = Src;
			sourceTree = "<group>";
		};
/* End PBXGroup section */

/* Begin PBXNativeTarget section */
		637B9F7C1AE891A000D7D801 /* NSEtcHosts */ = {
			isa = PBXNativeTarget;
			buildConfigurationList = 637B9FA01AE891A000D7D801 /* Build configuration list for PBXNativeTarget "NSEtcHosts" */;
			buildPhases = (
				637B9F791AE891A000D7D801 /* Sources */,
				637B9F7A1AE891A000D7D801 /* Frameworks */,
				637B9F7B1AE891A000D7D801 /* Resources */,
			);
			buildRules = (
			);
			dependencies = (
			);
			name = NSEtcHosts;
			productName = NSEtcHosts;
			productReference = 637B9F7D1AE891A000D7D801 /* NSEtcHosts.app */;
			productType = "com.apple.product-type.application";
		};
		637B9F951AE891A000D7D801 /* NSEtcHostsTests */ = {
			isa = PBXNativeTarget;
			buildConfigurationList = 637B9FA31AE891A000D7D801 /* Build configuration list for PBXNativeTarget "NSEtcHostsTests" */;
			buildPhases = (
				637B9F921AE891A000D7D801 /* Sources */,
				637B9F931AE891A000D7D801 /* Frameworks */,
				637B9F941AE891A000D7D801 /* Resources */,
			);
			buildRules = (
			);
			dependencies = (
				637B9F981AE891A000D7D801 /* PBXTargetDependency */,
			);
			name = NSEtcHostsTests;
			productName = NSEtcHostsTests;
			productReference = 637B9F961AE891A000D7D801 /* NSEtcHostsTests.xctest */;
			productType = "com.apple.product-type.bundle.unit-test";
		};
/* End PBXNativeTarget section */

/* Begin PBXProject section */
		637B9F751AE891A000D7D801 /* Project object */ = {
			isa = PBXProject;
			attributes = {
				LastUpgradeCheck = 0630;
				ORGANIZATIONNAME = PonyCui;
				TargetAttributes = {
					637B9F7C1AE891A000D7D801 = {
						CreatedOnToolsVersion = 6.3;
					};
					637B9F951AE891A000D7D801 = {
						CreatedOnToolsVersion = 6.3;
						TestTargetID = 637B9F7C1AE891A000D7D801;
					};
				};
			};
			buildConfigurationList = 637B9F781AE891A000D7D801 /* Build configuration list for PBXProject "NSEtcHosts" */;
			compatibilityVersion = "Xcode 3.2";
			developmentRegion = English;
			hasScannedForEncodings = 0;
			knownRegions = (
				en,
				Base,
			);
			mainGroup = 637B9F741AE891A000D7D801;
			productRefGroup = 637B9F7E1AE891A000D7D801 /* Products */;
			projectDirPath = "";
			projectRoot = "";
			targets = (
				637B9F7C1AE891A000D7D801 /* NSEtcHosts */,
				637B9F951AE891A000D7D801 /* NSEtcHostsTests */,
			);
		};
/* End PBXProject section */

/* Begin PBXResourcesBuildPhase section */
		637B9F7B1AE891A000D7D801 /* Resources */ = {
			isa = PBXResourcesBuildPhase;
			buildActionMask = 2147483647;
			files = (
				637B9F8C1AE891A000D7D801 /* Main.storyboard in Resources */,
				637B9F911AE891A000D7D801 /* LaunchScreen.xib in Resources */,
				637B9F8E1AE891A000D7D801 /* Images.xcassets in Resources */,
			);
			runOnlyForDeploymentPostprocessing = 0;
		};
		637B9F941AE891A000D7D801 /* Resources */ = {
			isa = PBXResourcesBuildPhase;
			buildActionMask = 2147483647;
			files = (
			);
			runOnlyForDeploymentPostprocessing = 0;
		};
/* End PBXResourcesBuildPhase section */

/* Begin PBXSourcesBuildPhase section */
		637B9F791AE891A000D7D801 /* Sources */ = {
			isa = PBXSourcesBuildPhase;
			buildActionMask = 2147483647;
			files = (
				637B9F891AE891A000D7D801 /* ViewController.m in Sources */,
				637B9FA91AE893E200D7D801 /* NSEtcHosts.m in Sources */,
				637B9F861AE891A000D7D801 /* AppDelegate.m in Sources */,
				637B9F831AE891A000D7D801 /* main.m in Sources */,
			);
			runOnlyForDeploymentPostprocessing = 0;
		};
		637B9F921AE891A000D7D801 /* Sources */ = {
			isa = PBXSourcesBuildPhase;
			buildActionMask = 2147483647;
			files = (
				637B9F9D1AE891A000D7D801 /* NSEtcHostsTests.m in Sources */,
			);
			runOnlyForDeploymentPostprocessing = 0;
		};
/* End PBXSourcesBuildPhase section */

/* Begin PBXTargetDependency section */
		637B9F981AE891A000D7D801 /* PBXTargetDependency */ = {
			isa = PBXTargetDependency;
			target = 637B9F7C1AE891A000D7D801 /* NSEtcHosts */;
			targetProxy = 637B9F971AE891A000D7D801 /* PBXContainerItemProxy */;
		};
/* End PBXTargetDependency section */

/* Begin PBXVariantGroup section */
		637B9F8A1AE891A000D7D801 /* Main.storyboard */ = {
			isa = PBXVariantGroup;
			children = (
				637B9F8B1AE891A000D7D801 /* Base */,
			);
			name = Main.storyboard;
			sourceTree = "<group>";
		};
		637B9F8F1AE891A000D7D801 /* LaunchScreen.xib */ = {
			isa = PBXVariantGroup;
			children = (
				637B9F901AE891A000D7D801 /* Base */,
			);
			name = LaunchScreen.xib;
			sourceTree = "<group>";
		};
/* End PBXVariantGroup section */

/* Begin XCBuildConfiguration section */
		637B9F9E1AE891A000D7D801 /* Debug */ = {
			isa = XCBuildConfiguration;
			buildSettings = {
				ALWAYS_SEARCH_USER_PATHS = NO;
				CLANG_CXX_LANGUAGE_STANDARD = "gnu++0x";
				CLANG_CXX_LIBRARY = "libc++";
				CLANG_ENABLE_MODULES = YES;
				CLANG_ENABLE_OBJC_ARC = YES;
				CLANG_WARN_BOOL_CONVERSION = YES;
				CLANG_WARN_CONSTANT_CONVERSION = YES;
				CLANG_WARN_DIRECT_OBJC_ISA_USAGE = YES_ERROR;
				CLANG_WARN_EMPTY_BODY = YES;
				CLANG_WARN_ENUM_CONVERSION = YES;
				CLANG_WARN_INT_CONVERSION = YES;
				CLANG_WARN_OBJC_ROOT_CLASS = YES_ERROR;
				CLANG_WARN_UNREACHABLE_CODE = YES;
				CLANG_WARN__DUPLICATE_METHOD_MATCH = YES;
				"CODE_SIGN_IDENTITY[sdk=iphoneos*]" = "iPhone Developer";
				COPY_PHASE_STRIP = NO;
				DEBUG_INFORMATION_FORMAT = "dwarf-with-dsym";
				ENABLE_STRICT_OBJC_MSGSEND = YES;
				GCC_C_LANGUAGE_STANDARD = gnu99;
				GCC_DYNAMIC_NO_PIC = NO;
				GCC_NO_COMMON_BLOCKS = YES;
				GCC_OPTIMIZATION_LEVEL = 0;
				GCC_PREPROCESSOR_DEFINITIONS = (
					"DEBUG=1",
					"$(inherited)",
				);
				GCC_SYMBOLS_PRIVATE_EXTERN = NO;
				GCC_WARN_64_TO_32_BIT_CONVERSION = YES;
				GCC_WARN_ABOUT_RETURN_TYPE = YES_ERROR;
				GCC_WARN_UNDECLARED_SELECTOR = YES;
				GCC_WARN_UNINITIALIZED_AUTOS = YES_AGGRESSIVE;
				GCC_WARN_UNUSED_FUNCTION = YES;
				GCC_WARN_UNUSED_VARIABLE = YES;
				IPHONEOS_DEPLOYMENT_TARGET = 8.3;
				MTL_ENABLE_DEBUG_INFO = YES;
				ONLY_ACTIVE_ARCH = YES;
				SDKROOT = iphoneos;
			};
			name = Debug;
		};
		637B9F9F1AE891A000D7D801 /* Release */ = {
			isa = XCBuildConfiguration;
			buildSettings = {
				ALWAYS_SEARCH_USER_PATHS = NO;
				CLANG_CXX_LANGUAGE_STANDARD = "gnu++0x";
				CLANG_CXX_LIBRARY = "libc++";
				CLANG_ENABLE_MODULES = YES;
				CLANG_ENABLE_OBJC_ARC = YES;
				CLANG_WARN_BOOL_CONVERSION = YES;
				CLANG_WARN_CONSTANT_CONVERSION = YES;
				CLANG_WARN_DIRECT_OBJC_ISA_USAGE = YES_ERROR;
				CLANG_WARN_EMPTY_BODY = YES;
				CLANG_WARN_ENUM_CONVERSION = YES;
				CLANG_WARN_INT_CONVERSION = YES;
				CLANG_WARN_OBJC_ROOT_CLASS = YES_ERROR;
				CLANG_WARN_UNREACHABLE_CODE = YES;
				CLANG_WARN__DUPLICATE_METHOD_MATCH = YES;
				"CODE_SIGN_IDENTITY[sdk=iphoneos*]" = "iPhone Developer";
				COPY_PHASE_STRIP = NO;
				DEBUG_INFORMATION_FORMAT = "dwarf-with-dsym";
				ENABLE_NS_ASSERTIONS = NO;
				ENABLE_STRICT_OBJC_MSGSEND = YES;
				GCC_C_LANGUAGE_STANDARD = gnu99;
				GCC_NO_COMMON_BLOCKS = YES;
				GCC_WARN_64_TO_32_BIT_CONVERSION = YES;
				GCC_WARN_ABOUT_RETURN_TYPE = YES_ERROR;
				GCC_WARN_UNDECLARED_SELECTOR = YES;
				GCC_WARN_UNINITIALIZED_AUTOS = YES_AGGRESSIVE;
				GCC_WARN_UNUSED_FUNCTION = YES;
				GCC_WARN_UNUSED_VARIABLE = YES;
				IPHONEOS_DEPLOYMENT_TARGET = 8.3;
				MTL_ENABLE_DEBUG_INFO = NO;
				SDKROOT = iphoneos;
				VALIDATE_PRODUCT = YES;
			};
			name = Release;
		};
		637B9FA11AE891A000D7D801 /* Debug */ = {
			isa = XCBuildConfiguration;
			buildSettings = {
				ASSETCATALOG_COMPILER_APPICON_NAME = AppIcon;
				INFOPLIST_FILE = NSEtcHosts/Info.plist;
				LD_RUNPATH_SEARCH_PATHS = "$(inherited) @executable_path/Frameworks";
				PRODUCT_NAME = "$(TARGET_NAME)";
			};
			name = Debug;
		};
		637B9FA21AE891A000D7D801 /* Release */ = {
			isa = XCBuildConfiguration;
			buildSettings = {
				ASSETCATALOG_COMPILER_APPICON_NAME = AppIcon;
				INFOPLIST_FILE = NSEtcHosts/Info.plist;
				LD_RUNPATH_SEARCH_PATHS = "$(inherited) @executable_path/Frameworks";
				PRODUCT_NAME = "$(TARGET_NAME)";
			};
			name = Release;
		};
		637B9FA41AE891A000D7D801 /* Debug */ = {
			isa = XCBuildConfiguration;
			buildSettings = {
				BUNDLE_LOADER = "$(TEST_HOST)";
				FRAMEWORK_SEARCH_PATHS = (
					"$(SDKROOT)/Developer/Library/Frameworks",
					"$(inherited)",
				);
				GCC_PREPROCESSOR_DEFINITIONS = (
					"DEBUG=1",
					"$(inherited)",
				);
				INFOPLIST_FILE = NSEtcHostsTests/Info.plist;
				LD_RUNPATH_SEARCH_PATHS = "$(inherited) @executable_path/Frameworks @loader_path/Frameworks";
				PRODUCT_NAME = "$(TARGET_NAME)";
				TEST_HOST = "$(BUILT_PRODUCTS_DIR)/NSEtcHosts.app/NSEtcHosts";
			};
			name = Debug;
		};
		637B9FA51AE891A000D7D801 /* Release */ = {
			isa = XCBuildConfiguration;
			buildSettings = {
				BUNDLE_LOADER = "$(TEST_HOST)";
				FRAMEWORK_SEARCH_PATHS = (
					"$(SDKROOT)/Developer/Library/Frameworks",
					"$(inherited)",
				);
				INFOPLIST_FILE = NSEtcHostsTests/Info.plist;
				LD_RUNPATH_SEARCH_PATHS = "$(inherited) @executable_path/Frameworks @loader_path/Frameworks";
				PRODUCT_NAME = "$(TARGET_NAME)";
				TEST_HOST = "$(BUILT_PRODUCTS_DIR)/NSEtcHosts.app/NSEtcHosts";
			};
			name = Release;
		};
/* End XCBuildConfiguration section */

/* Begin XCConfigurationList section */
		637B9F781AE891A000D7D801 /* Build configuration list for PBXProject "NSEtcHosts" */ = {
			isa = XCConfigurationList;
			buildConfigurations = (
				637B9F9E1AE891A000D7D801 /* Debug */,
				637B9F9F1AE891A000D7D801 /* Release */,
			);
			defaultConfigurationIsVisible = 0;
			defaultConfigurationName = Release;
		};
		637B9FA01AE891A000D7D801 /* Build configuration list for PBXNativeTarget "NSEtcHosts" */ = {
			isa = XCConfigurationList;
			buildConfigurations = (
				637B9FA11AE891A000D7D801 /* Debug */,
				637B9FA21AE891A000D7D801 /* Release */,
			);
			defaultConfigurationIsVisible = 0;
		};
		637B9FA31AE891A000D7D801 /* Build configuration list for PBXNativeTarget "NSEtcHostsTests" */ = {
			isa = XCConfigurationList;
			buildConfigurations = (
				637B9FA41AE891A000D7D801 /* Debug */,
				637B9FA51AE891A000D7D801 /* Release */,
			);
			defaultConfigurationIsVisible = 0;
		};
/* End XCConfigurationList section */
	};
	rootObject = 637B9F751AE891A000D7D801 /* Project object */;
}
